
Microsoft Visual Studio Solution File, Format Version 12.00
# Visual Studio 15
VisualStudioVersion = 15.0.27130.2010
MinimumVisualStudioVersion = 10.0.40219.1
Project("{FAE04EC0-301F-11D3-BF4B-00C04F79EFBC}") = "EmpAccWebApp", "EmpAccWebApp\EmpAccWebApp.csproj", "{758C9310-32BF-433D-8E8A-EB6F3784AB73}"
EndProject
Global
	GlobalSection(SolutionConfigurationPlatforms) = preSolution
		Debug|Any CPU = Debug|Any CPU
		Release|Any CPU = Release|Any CPU
	EndGlobalSection
	GlobalSection(ProjectConfigurationPlatforms) = postSolution
		{758C9310-32BF-433D-8E8A-EB6F3784AB73}.Debug|Any CPU.ActiveCfg = Debug|Any CPU
		{758C9310-32BF-433D-8E8A-EB6F3784AB73}.Debug|Any CPU.Build.0 = Debug|Any CPU
		{758C9310-32BF-433D-8E8A-EB6F3784AB73}.Release|Any CPU.ActiveCfg = Release|Any CPU
		{758C9310-32BF-433D-8E8A-EB6F3784AB73}.Release|Any CPU.Build.0 = Release|Any CPU
	EndGlobalSection
	GlobalSection(SolutionProperties) = preSolution
		HideSolutionNode = FALSE
	EndGlobalSection
	GlobalSection(ExtensibilityGlobals) = postSolution
		SolutionGuid = {D33B9BAE-661C-4535-BD30-0816653C517D}
	EndGlobalSection
EndGlobal
